
Microsoft Visual Studio Solution File, Format Version 12.00
# Visual Studio 15
VisualStudioVersion = 15.0.26730.12
MinimumVisualStudioVersion = 10.0.40219.1
Project("{8BC9CEB8-8B4A-11D0-8D11-00A0C91BC942}") = "RedeSocialM3", "RedeSocialM3\RedeSocialM3.vcxproj", "{FC5B938A-B00A-45AF-B0AF-1374885244FD}"
EndProject
Project("{54435603-DBB4-11D2-8724-00A0C9A8B90C}") = "Setup", "Setup\Setup.vdproj", "{17F1E6FE-9EDA-4E87-B7A8-63897E4A0830}"
EndProject
Global
	GlobalSection(SolutionConfigurationPlatforms) = preSolution
		Debug|x64 = Debug|x64
		Debug|x86 = Debug|x86
		Release|x64 = Release|x64
		Release|x86 = Release|x86
	EndGlobalSection
	GlobalSection(ProjectConfigurationPlatforms) = postSolution
		{FC5B938A-B00A-45AF-B0AF-1374885244FD}.Debug|x64.ActiveCfg = Debug|x64
		{FC5B938A-B00A-45AF-B0AF-1374885244FD}.Debug|x64.Build.0 = Debug|x64
		{FC5B938A-B00A-45AF-B0AF-1374885244FD}.Debug|x86.ActiveCfg = Debug|Win32
		{FC5B938A-B00A-45AF-B0AF-1374885244FD}.Debug|x86.Build.0 = Debug|Win32
		{FC5B938A-B00A-45AF-B0AF-1374885244FD}.Release|x64.ActiveCfg = Release|x64
		{FC5B938A-B00A-45AF-B0AF-1374885244FD}.Release|x64.Build.0 = Release|x64
		{FC5B938A-B00A-45AF-B0AF-1374885244FD}.Release|x86.ActiveCfg = Release|Win32
		{FC5B938A-B00A-45AF-B0AF-1374885244FD}.Release|x86.Build.0 = Release|Win32
		{17F1E6FE-9EDA-4E87-B7A8-63897E4A0830}.Debug|x64.ActiveCfg = Debug
		{17F1E6FE-9EDA-4E87-B7A8-63897E4A0830}.Debug|x86.ActiveCfg = Debug
		{17F1E6FE-9EDA-4E87-B7A8-63897E4A0830}.Release|x64.ActiveCfg = Release
		{17F1E6FE-9EDA-4E87-B7A8-63897E4A0830}.Release|x86.ActiveCfg = Release
	EndGlobalSection
	GlobalSection(SolutionProperties) = preSolution
		HideSolutionNode = FALSE
	EndGlobalSection
	GlobalSection(ExtensibilityGlobals) = postSolution
		SolutionGuid = {9288E349-404C-4900-AD31-2038148B4BC7}
	EndGlobalSection
EndGlobal
